{
  "pins" : [
    {
      "identity" : "iqkeyboardmanager",
      "kind" : "remoteSourceControl",
      "location" : "https://github.com/hackiftekhar/IQKeyboardManager.git",
      "state" : {
        "revision" : "ea08e08958890043019d248065fe3d825f338087",
        "version" : "6.5.12"
      }
    },
    {
      "identity" : "waterfallgrid",
      "kind" : "remoteSourceControl",
      "location" : "https://github.com/paololeonardi/WaterfallGrid.git",
      "state" : {
        "revision" : "944aa82832ed5a9eaaf50862cdd53e3c10ab55eb",
        "version" : "1.0.1"
      }
    }
  ],
  "version" : 2
}
